
Microsoft Visual Studio Solution File, Format Version 12.00
# Visual Studio Version 17
VisualStudioVersion = 17.7.34221.43
MinimumVisualStudioVersion = 10.0.40219.1
Project("{9A19103F-16F7-4668-BE54-9A1E7A4F7556}") = "PestControl CRM", "PestControll CRM\PestControl CRM.csproj", "{A69DED82-4276-4319-A0C2-EF56F25EE161}"
EndProject
Global
	GlobalSection(SolutionConfigurationPlatforms) = preSolution
		Debug|Any CPU = Debug|Any CPU
		Release|Any CPU = Release|Any CPU
	EndGlobalSection
	GlobalSection(ProjectConfigurationPlatforms) = postSolution
		{A69DED82-4276-4319-A0C2-EF56F25EE161}.Debug|Any CPU.ActiveCfg = Debug|Any CPU
		{A69DED82-4276-4319-A0C2-EF56F25EE161}.Debug|Any CPU.Build.0 = Debug|Any CPU
		{A69DED82-4276-4319-A0C2-EF56F25EE161}.Release|Any CPU.ActiveCfg = Release|Any CPU
		{A69DED82-4276-4319-A0C2-EF56F25EE161}.Release|Any CPU.Build.0 = Release|Any CPU
	EndGlobalSection
	GlobalSection(SolutionProperties) = preSolution
		HideSolutionNode = FALSE
	EndGlobalSection
	GlobalSection(ExtensibilityGlobals) = postSolution
		SolutionGuid = {0055B5EB-0671-4B6D-9485-959CA07A1ED9}
	EndGlobalSection
EndGlobal
